PODS:
  - FFConfigsKit (1.0.1):
    - FFConfigsKit/temp (= 1.0.1)
  - FFConfigsKit/temp (1.0.1)

DEPENDENCIES:
  - FFConfigsKit (from `../`)

EXTERNAL SOURCES:
  FFConfigsKit:
    :path: "../"

SPEC CHECKSUMS:
  FFConfigsKit: 23c97e3584f50e57f6296cc8f7200aa7657b17db

PODFILE CHECKSUM: 9f7a627c820ef713cc480c09c67b792c668daeba

COCOAPODS: 1.9.3
